
Microsoft Visual Studio Solution File, Format Version 12.00
# Visual Studio Version 17
VisualStudioVersion = 17.0.31919.166
MinimumVisualStudioVersion = 10.0.40219.1
Project("{FAE04EC0-301F-11D3-BF4B-00C04F79EFBC}") = "Этап 1 задание", "Этап 1 задание\Этап 1 задание.csproj", "{CA76CDB4-D602-4240-9B3E-77C4E9EEA740}"
EndProject
Project("{FAE04EC0-301F-11D3-BF4B-00C04F79EFBC}") = "задание 4.20", "задание 4.20\задание 4.20.csproj", "{0ABB45E6-AAAF-4720-9DA8-3B3463180E9C}"
EndProject
Project("{FAE04EC0-301F-11D3-BF4B-00C04F79EFBC}") = "Задание 5.08", "Задание 5.08\Задание 5.08.csproj", "{AD153734-3395-4611-BB24-B97D76AAB980}"
EndProject
Project("{FAE04EC0-301F-11D3-BF4B-00C04F79EFBC}") = "Задание 4.10", "Задание 4.10\Задание 4.10.csproj", "{5BD7D3AD-E531-419F-8A2D-476D88ED0C84}"
EndProject
Project("{FAE04EC0-301F-11D3-BF4B-00C04F79EFBC}") = "Задание 4.09", "Задание 4.09\Задание 4.09.csproj", "{9F8706CC-3D1A-41E1-86B5-D2915EAC84E7}"
EndProject
Global
	GlobalSection(SolutionConfigurationPlatforms) = preSolution
		Debug|Any CPU = Debug|Any CPU
		Release|Any CPU = Release|Any CPU
	EndGlobalSection
	GlobalSection(ProjectConfigurationPlatforms) = postSolution
		{CA76CDB4-D602-4240-9B3E-77C4E9EEA740}.Debug|Any CPU.ActiveCfg = Debug|Any CPU
		{CA76CDB4-D602-4240-9B3E-77C4E9EEA740}.Debug|Any CPU.Build.0 = Debug|Any CPU
		{CA76CDB4-D602-4240-9B3E-77C4E9EEA740}.Release|Any CPU.ActiveCfg = Release|Any CPU
		{CA76CDB4-D602-4240-9B3E-77C4E9EEA740}.Release|Any CPU.Build.0 = Release|Any CPU
		{0ABB45E6-AAAF-4720-9DA8-3B3463180E9C}.Debug|Any CPU.ActiveCfg = Debug|Any CPU
		{0ABB45E6-AAAF-4720-9DA8-3B3463180E9C}.Debug|Any CPU.Build.0 = Debug|Any CPU
		{0ABB45E6-AAAF-4720-9DA8-3B3463180E9C}.Release|Any CPU.ActiveCfg = Release|Any CPU
		{0ABB45E6-AAAF-4720-9DA8-3B3463180E9C}.Release|Any CPU.Build.0 = Release|Any CPU
		{AD153734-3395-4611-BB24-B97D76AAB980}.Debug|Any CPU.ActiveCfg = Debug|Any CPU
		{AD153734-3395-4611-BB24-B97D76AAB980}.Debug|Any CPU.Build.0 = Debug|Any CPU
		{AD153734-3395-4611-BB24-B97D76AAB980}.Release|Any CPU.ActiveCfg = Release|Any CPU
		{AD153734-3395-4611-BB24-B97D76AAB980}.Release|Any CPU.Build.0 = Release|Any CPU
		{5BD7D3AD-E531-419F-8A2D-476D88ED0C84}.Debug|Any CPU.ActiveCfg = Debug|Any CPU
		{5BD7D3AD-E531-419F-8A2D-476D88ED0C84}.Debug|Any CPU.Build.0 = Debug|Any CPU
		{5BD7D3AD-E531-419F-8A2D-476D88ED0C84}.Release|Any CPU.ActiveCfg = Release|Any CPU
		{5BD7D3AD-E531-419F-8A2D-476D88ED0C84}.Release|Any CPU.Build.0 = Release|Any CPU
		{9F8706CC-3D1A-41E1-86B5-D2915EAC84E7}.Debug|Any CPU.ActiveCfg = Debug|Any CPU
		{9F8706CC-3D1A-41E1-86B5-D2915EAC84E7}.Debug|Any CPU.Build.0 = Debug|Any CPU
		{9F8706CC-3D1A-41E1-86B5-D2915EAC84E7}.Release|Any CPU.ActiveCfg = Release|Any CPU
		{9F8706CC-3D1A-41E1-86B5-D2915EAC84E7}.Release|Any CPU.Build.0 = Release|Any CPU
	EndGlobalSection
	GlobalSection(SolutionProperties) = preSolution
		HideSolutionNode = FALSE
	EndGlobalSection
	GlobalSection(ExtensibilityGlobals) = postSolution
		SolutionGuid = {77245A51-59C8-4D9B-8DE4-A9172BC0ECCF}
	EndGlobalSection
EndGlobal
